// !$*UTF8*$!
{
	archiveVersion = 1;
	classes = {
	};
	objectVersion = 56;
	objects = {

/* Begin PBXBuildFile section */
		BBCA97E52AACFF1B007D608A /* AppDelegate.swift in Sources */ = {isa = PBXBuildFile; fileRef = BBCA97E42AACFF1B007D608A /* AppDelegate.swift */; };
		BBCA97E72AACFF1B007D608A /* SceneDelegate.swift in Sources */ = {isa = PBXBuildFile; fileRef = BBCA97E62AACFF1B007D608A /* SceneDelegate.swift */; };
		BBCA97E92AACFF1B007D608A /* ViewController.swift in Sources */ = {isa = PBXBuildFile; fileRef = BBCA97E82AACFF1B007D608A /* ViewController.swift */; };
		BBCA97EC2AACFF1B007D608A /* Main.storyboard in Resources */ = {isa = PBXBuildFile; fileRef = BBCA97EA2AACFF1B007D608A /* Main.storyboard */; };
		BBCA97EF2AACFF1B007D608A /* HaritalarUygulamasi.xcdatamodeld in Sources */ = {isa = PBXBuildFile; fileRef = BBCA97ED2AACFF1B007D608A /* HaritalarUygulamasi.xcdatamodeld */; };
		BBCA97F12AACFF1C007D608A /* Assets.xcassets in Resources */ = {isa = PBXBuildFile; fileRef = BBCA97F02AACFF1C007D608A /* Assets.xcassets */; };
		BBCA97F42AACFF1C007D608A /* LaunchScreen.storyboard in Resources */ = {isa = PBXBuildFile; fileRef = BBCA97F22AACFF1C007D608A /* LaunchScreen.storyboard */; };
/* End PBXBuildFile section */

/* Begin PBXFileReference section */
		BBCA97E12AACFF1B007D608A /* HaritalarUygulamasi.app */ = {isa = PBXFileReference; explicitFileType = wrapper.application; includeInIndex = 0; path = HaritalarUygulamasi.app; sourceTree = BUILT_PRODUCTS_DIR; };
		BBCA97E42AACFF1B007D608A /* AppDelegate.swift */ = {isa = PBXFileReference; lastKnownFileType = sourcecode.swift; path = AppDelegate.swift; sourceTree = "<group>"; };
		BBCA97E62AACFF1B007D608A /* SceneDelegate.swift */ = {isa = PBXFileReference; lastKnownFileType = sourcecode.swift; path = SceneDelegate.swift; sourceTree = "<group>"; };
		BBCA97E82AACFF1B007D608A /* ViewController.swift */ = {isa = PBXFileReference; lastKnownFileType = sourcecode.swift; path = ViewController.swift; sourceTree = "<group>"; };
		BBCA97EB2AACFF1B007D608A /* Base */ = {isa = PBXFileReference; lastKnownFileType = file.storyboard; name = Base; path = Base.lproj/Main.storyboard; sourceTree = "<group>"; };
		BBCA97EE2AACFF1B007D608A /* HaritalarUygulamasi.xcdatamodel */ = {isa = PBXFileReference; lastKnownFileType = wrapper.xcdatamodel; path = HaritalarUygulamasi.xcdatamodel; sourceTree = "<group>"; };
		BBCA97F02AACFF1C007D608A /* Assets.xcassets */ = {isa = PBXFileReference; lastKnownFileType = folder.assetcatalog; path = Assets.xcassets; sourceTree = "<group>"; };
		BBCA97F32AACFF1C007D608A /* Base */ = {isa = PBXFileReference; lastKnownFileType = file.storyboard; name = Base; path = Base.lproj/LaunchScreen.storyboard; sourceTree = "<group>"; };
		BBCA97F52AACFF1C007D608A /* Info.plist */ = {isa = PBXFileReference; lastKnownFileType = text.plist.xml; path = Info.plist; sourceTree = "<group>"; };
/* End PBXFileReference section */

/* Begin PBXFrameworksBuildPhase section */
		BBCA97DE2AACFF1B007D608A /* Frameworks */ = {
			isa = PBXFrameworksBuildPhase;
			buildActionMask = 2147483647;
			files = (
			);
			runOnlyForDeploymentPostprocessing = 0;
		};
/* End PBXFrameworksBuildPhase section */

/* Begin PBXGroup section */
		BBCA97D82AACFF1B007D608A = {
			isa = PBXGroup;
			children = (
				BBCA97E32AACFF1B007D608A /* HaritalarUygulamasi */,
				BBCA97E22AACFF1B007D608A /* Products */,
			);
			sourceTree = "<group>";
		};
		BBCA97E22AACFF1B007D608A /* Products */ = {
			isa = PBXGroup;
			children = (
				BBCA97E12AACFF1B007D608A /* HaritalarUygulamasi.app */,
			);
			name = Products;
			sourceTree = "<group>";
		};
		BBCA97E32AACFF1B007D608A /* HaritalarUygulamasi */ = {
			isa = PBXGroup;
			children = (
				BBCA97E42AACFF1B007D608A /* AppDelegate.swift */,
				BBCA97E62AACFF1B007D608A /* SceneDelegate.swift */,
				BBCA97E82AACFF1B007D608A /* ViewController.swift */,
				BBCA97EA2AACFF1B007D608A /* Main.storyboard */,
				BBCA97F02AACFF1C007D608A /* Assets.xcassets */,
				BBCA97F22AACFF1C007D608A /* LaunchScreen.storyboard */,
				BBCA97F52AACFF1C007D608A /* Info.plist */,
				BBCA97ED2AACFF1B007D608A /* HaritalarUygulamasi.xcdatamodeld */,
			);
			path = HaritalarUygulamasi;
			sourceTree = "<group>";
		};
/* End PBXGroup section */

/* Begin PBXNativeTarget section */
		BBCA97E02AACFF1B007D608A /* HaritalarUygulamasi */ = {
			isa = PBXNativeTarget;
			buildConfigurationList = BBCA97F82AACFF1C007D608A /* Build configuration list for PBXNativeTarget "HaritalarUygulamasi" */;
			buildPhases = (
				BBCA97DD2AACFF1B007D608A /* Sources */,
				BBCA97DE2AACFF1B007D608A /* Frameworks */,
				BBCA97DF2AACFF1B007D608A /* Resources */,
			);
			buildRules = (
			);
			dependencies = (
			);
			name = HaritalarUygulamasi;
			productName = HaritalarUygulamasi;
			productReference = BBCA97E12AACFF1B007D608A /* HaritalarUygulamasi.app */;
			productType = "com.apple.product-type.application";
		};
/* End PBXNativeTarget section */

/* Begin PBXProject section */
		BBCA97D92AACFF1B007D608A /* Project object */ = {
			isa = PBXProject;
			attributes = {
				BuildIndependentTargetsInParallel = 1;
				LastSwiftUpdateCheck = 1430;
				LastUpgradeCheck = 1430;
				TargetAttributes = {
					BBCA97E02AACFF1B007D608A = {
						CreatedOnToolsVersion = 14.3.1;
					};
				};
			};
			buildConfigurationList = BBCA97DC2AACFF1B007D608A /* Build configuration list for PBXProject "HaritalarUygulamasi" */;
			compatibilityVersion = "Xcode 14.0";
			developmentRegion = en;
			hasScannedForEncodings = 0;
			knownRegions = (
				en,
				Base,
			);
			mainGroup = BBCA97D82AACFF1B007D608A;
			productRefGroup = BBCA97E22AACFF1B007D608A /* Products */;
			projectDirPath = "";
			projectRoot = "";
			targets = (
				BBCA97E02AACFF1B007D608A /* HaritalarUygulamasi */,
			);
		};
/* End PBXProject section */

/* Begin PBXResourcesBuildPhase section */
		BBCA97DF2AACFF1B007D608A /* Resources */ = {
			isa = PBXResourcesBuildPhase;
			buildActionMask = 2147483647;
			files = (
				BBCA97F42AACFF1C007D608A /* LaunchScreen.storyboard in Resources */,
				BBCA97F12AACFF1C007D608A /* Assets.xcassets in Resources */,
				BBCA97EC2AACFF1B007D608A /* Main.storyboard in Resources */,
			);
			runOnlyForDeploymentPostprocessing = 0;
		};
/* End PBXResourcesBuildPhase section */

/* Begin PBXSourcesBuildPhase section */
		BBCA97DD2AACFF1B007D608A /* Sources */ = {
			isa = PBXSourcesBuildPhase;
			buildActionMask = 2147483647;
			files = (
				BBCA97E92AACFF1B007D608A /* ViewController.swift in Sources */,
				BBCA97E52AACFF1B007D608A /* AppDelegate.swift in Sources */,
				BBCA97EF2AACFF1B007D608A /* HaritalarUygulamasi.xcdatamodeld in Sources */,
				BBCA97E72AACFF1B007D608A /* SceneDelegate.swift in Sources */,
			);
			runOnlyForDeploymentPostprocessing = 0;
		};
/* End PBXSourcesBuildPhase section */

/* Begin PBXVariantGroup section */
		BBCA97EA2AACFF1B007D608A /* Main.storyboard */ = {
			isa = PBXVariantGroup;
			children = (
				BBCA97EB2AACFF1B007D608A /* Base */,
			);
			name = Main.storyboard;
			sourceTree = "<group>";
		};
		BBCA97F22AACFF1C007D608A /* LaunchScreen.storyboard */ = {
			isa = PBXVariantGroup;
			children = (
				BBCA97F32AACFF1C007D608A /* Base */,
			);
			name = LaunchScreen.storyboard;
			sourceTree = "<group>";
		};
/* End PBXVariantGroup section */

/* Begin XCBuildConfiguration section */
		BBCA97F62AACFF1C007D608A /* Debug */ = {
			isa = XCBuildConfiguration;
			buildSettings = {
				ALWAYS_SEARCH_USER_PATHS = NO;
				CLANG_ANALYZER_NONNULL = YES;
				CLANG_ANALYZER_NUMBER_OBJECT_CONVERSION = YES_AGGRESSIVE;
				CLANG_CXX_LANGUAGE_STANDARD = "gnu++20";
				CLANG_ENABLE_MODULES = YES;
				CLANG_ENABLE_OBJC_ARC = YES;
				CLANG_ENABLE_OBJC_WEAK = YES;
				CLANG_WARN_BLOCK_CAPTURE_AUTORELEASING = YES;
				CLANG_WARN_BOOL_CONVERSION = YES;
				CLANG_WARN_COMMA = YES;
				CLANG_WARN_CONSTANT_CONVERSION = YES;
				CLANG_WARN_DEPRECATED_OBJC_IMPLEMENTATIONS = YES;
				CLANG_WARN_DIRECT_OBJC_ISA_USAGE = YES_ERROR;
				CLANG_WARN_DOCUMENTATION_COMMENTS = YES;
				CLANG_WARN_EMPTY_BODY = YES;
				CLANG_WARN_ENUM_CONVERSION = YES;
				CLANG_WARN_INFINITE_RECURSION = YES;
				CLANG_WARN_INT_CONVERSION = YES;
				CLANG_WARN_NON_LITERAL_NULL_CONVERSION = YES;
				CLANG_WARN_OBJC_IMPLICIT_RETAIN_SELF = YES;
				CLANG_WARN_OBJC_LITERAL_CONVERSION = YES;
				CLANG_WARN_OBJC_ROOT_CLASS = YES_ERROR;
				CLANG_WARN_QUOTED_INCLUDE_IN_FRAMEWORK_HEADER = YES;
				CLANG_WARN_RANGE_LOOP_ANALYSIS = YES;
				CLANG_WARN_STRICT_PROTOTYPES = YES;
				CLANG_WARN_SUSPICIOUS_MOVE = YES;
				CLANG_WARN_UNGUARDED_AVAILABILITY = YES_AGGRESSIVE;
				CLANG_WARN_UNREACHABLE_CODE = YES;
				CLANG_WARN__DUPLICATE_METHOD_MATCH = YES;
				COPY_PHASE_STRIP = NO;
				DEBUG_INFORMATION_FORMAT = dwarf;
				ENABLE_STRICT_OBJC_MSGSEND = YES;
				ENABLE_TESTABILITY = YES;
				GCC_C_LANGUAGE_STANDARD = gnu11;
				GCC_DYNAMIC_NO_PIC = NO;
				GCC_NO_COMMON_BLOCKS = YES;
				GCC_OPTIMIZATION_LEVEL = 0;
				GCC_PREPROCESSOR_DEFINITIONS = (
					"DEBUG=1",
					"$(inherited)",
				);
				GCC_WARN_64_TO_32_BIT_CONVERSION = YES;
				GCC_WARN_ABOUT_RETURN_TYPE = YES_ERROR;
				GCC_WARN_UNDECLARED_SELECTOR = YES;
				GCC_WARN_UNINITIALIZED_AUTOS = YES_AGGRESSIVE;
				GCC_WARN_UNUSED_FUNCTION = YES;
				GCC_WARN_UNUSED_VARIABLE = YES;
				IPHONEOS_DEPLOYMENT_TARGET = 16.4;
				MTL_ENABLE_DEBUG_INFO = INCLUDE_SOURCE;
				MTL_FAST_MATH = YES;
				ONLY_ACTIVE_ARCH = YES;
				SDKROOT = iphoneos;
				SWIFT_ACTIVE_COMPILATION_CONDITIONS = DEBUG;
				SWIFT_OPTIMIZATION_LEVEL = "-Onone";
			};
			name = Debug;
		};
		BBCA97F72AACFF1C007D608A /* Release */ = {
			isa = XCBuildConfiguration;
			buildSettings = {
				ALWAYS_SEARCH_USER_PATHS = NO;
				CLANG_ANALYZER_NONNULL = YES;
				CLANG_ANALYZER_NUMBER_OBJECT_CONVERSION = YES_AGGRESSIVE;
				CLANG_CXX_LANGUAGE_STANDARD = "gnu++20";
				CLANG_ENABLE_MODULES = YES;
				CLANG_ENABLE_OBJC_ARC = YES;
				CLANG_ENABLE_OBJC_WEAK = YES;
				CLANG_WARN_BLOCK_CAPTURE_AUTORELEASING = YES;
				CLANG_WARN_BOOL_CONVERSION = YES;
				CLANG_WARN_COMMA = YES;
				CLANG_WARN_CONSTANT_CONVERSION = YES;
				CLANG_WARN_DEPRECATED_OBJC_IMPLEMENTATIONS = YES;
				CLANG_WARN_DIRECT_OBJC_ISA_USAGE = YES_ERROR;
				CLANG_WARN_DOCUMENTATION_COMMENTS = YES;
				CLANG_WARN_EMPTY_BODY = YES;
				CLANG_WARN_ENUM_CONVERSION = YES;
				CLANG_WARN_INFINITE_RECURSION = YES;
				CLANG_WARN_INT_CONVERSION = YES;
				CLANG_WARN_NON_LITERAL_NULL_CONVERSION = YES;
				CLANG_WARN_OBJC_IMPLICIT_RETAIN_SELF = YES;
				CLANG_WARN_OBJC_LITERAL_CONVERSION = YES;
				CLANG_WARN_OBJC_ROOT_CLASS = YES_ERROR;
				CLANG_WARN_QUOTED_INCLUDE_IN_FRAMEWORK_HEADER = YES;
				CLANG_WARN_RANGE_LOOP_ANALYSIS = YES;
				CLANG_WARN_STRICT_PROTOTYPES = YES;
				CLANG_WARN_SUSPICIOUS_MOVE = YES;
				CLANG_WARN_UNGUARDED_AVAILABILITY = YES_AGGRESSIVE;
				CLANG_WARN_UNREACHABLE_CODE = YES;
				CLANG_WARN__DUPLICATE_METHOD_MATCH = YES;
				COPY_PHASE_STRIP = NO;
				DEBUG_INFORMATION_FORMAT = "dwarf-with-dsym";
				ENABLE_NS_ASSERTIONS = NO;
				ENABLE_STRICT_OBJC_MSGSEND = YES;
				GCC_C_LANGUAGE_STANDARD = gnu11;
				GCC_NO_COMMON_BLOCKS = YES;
				GCC_WARN_64_TO_32_BIT_CONVERSION = YES;
				GCC_WARN_ABOUT_RETURN_TYPE = YES_ERROR;
				GCC_WARN_UNDECLARED_SELECTOR = YES;
				GCC_WARN_UNINITIALIZED_AUTOS = YES_AGGRESSIVE;
				GCC_WARN_UNUSED_FUNCTION = YES;
				GCC_WARN_UNUSED_VARIABLE = YES;
				IPHONEOS_DEPLOYMENT_TARGET = 16.4;
				MTL_ENABLE_DEBUG_INFO = NO;
				MTL_FAST_MATH = YES;
				SDKROOT = iphoneos;
				SWIFT_COMPILATION_MODE = wholemodule;
				SWIFT_OPTIMIZATION_LEVEL = "-O";
				VALIDATE_PRODUCT = YES;
			};
			name = Release;
		};
		BBCA97F92AACFF1C007D608A /* Debug */ = {
			isa = XCBuildConfiguration;
			buildSettings = {
				ASSETCATALOG_COMPILER_APPICON_NAME = AppIcon;
				ASSETCATALOG_COMPILER_GLOBAL_ACCENT_COLOR_NAME = AccentColor;
				CODE_SIGN_STYLE = Automatic;
				CURRENT_PROJECT_VERSION = 1;
				DEVELOPMENT_TEAM = KJFACHMZVM;
				GENERATE_INFOPLIST_FILE = YES;
				INFOPLIST_FILE = HaritalarUygulamasi/Info.plist;
				INFOPLIST_KEY_UIApplicationSupportsIndirectInputEvents = YES;
				INFOPLIST_KEY_UILaunchStoryboardName = LaunchScreen;
				INFOPLIST_KEY_UIMainStoryboardFile = Main;
				INFOPLIST_KEY_UISupportedInterfaceOrientations_iPad = "UIInterfaceOrientationPortrait UIInterfaceOrientationPortraitUpsideDown UIInterfaceOrientationLandscapeLeft UIInterfaceOrientationLandscapeRight";
				INFOPLIST_KEY_UISupportedInterfaceOrientations_iPhone = "UIInterfaceOrientationPortrait UIInterfaceOrientationLandscapeLeft UIInterfaceOrientationLandscapeRight";
				LD_RUNPATH_SEARCH_PATHS = (
					"$(inherited)",
					"@executable_path/Frameworks",
				);
				MARKETING_VERSION = 1.0;
				PRODUCT_BUNDLE_IDENTIFIER = com.nilgulcakir.HaritalarUygulamasi;
				PRODUCT_NAME = "$(TARGET_NAME)";
				SWIFT_EMIT_LOC_STRINGS = YES;
				SWIFT_VERSION = 5.0;
				TARGETED_DEVICE_FAMILY = "1,2";
			};
			name = Debug;
		};
		BBCA97FA2AACFF1C007D608A /* Release */ = {
			isa = XCBuildConfiguration;
			buildSettings = {
				ASSETCATALOG_COMPILER_APPICON_NAME = AppIcon;
				ASSETCATALOG_COMPILER_GLOBAL_ACCENT_COLOR_NAME = AccentColor;
				CODE_SIGN_STYLE = Automatic;
				CURRENT_PROJECT_VERSION = 1;
				DEVELOPMENT_TEAM = KJFACHMZVM;
				GENERATE_INFOPLIST_FILE = YES;
				INFOPLIST_FILE = HaritalarUygulamasi/Info.plist;
				INFOPLIST_KEY_UIApplicationSupportsIndirectInputEvents = YES;
				INFOPLIST_KEY_UILaunchStoryboardName = LaunchScreen;
				INFOPLIST_KEY_UIMainStoryboardFile = Main;
				INFOPLIST_KEY_UISupportedInterfaceOrientations_iPad = "UIInterfaceOrientationPortrait UIInterfaceOrientationPortraitUpsideDown UIInterfaceOrientationLandscapeLeft UIInterfaceOrientationLandscapeRight";
				INFOPLIST_KEY_UISupportedInterfaceOrientations_iPhone = "UIInterfaceOrientationPortrait UIInterfaceOrientationLandscapeLeft UIInterfaceOrientationLandscapeRight";
				LD_RUNPATH_SEARCH_PATHS = (
					"$(inherited)",
					"@executable_path/Frameworks",
				);
				MARKETING_VERSION = 1.0;
				PRODUCT_BUNDLE_IDENTIFIER = com.nilgulcakir.HaritalarUygulamasi;
				PRODUCT_NAME = "$(TARGET_NAME)";
				SWIFT_EMIT_LOC_STRINGS = YES;
				SWIFT_VERSION = 5.0;
				TARGETED_DEVICE_FAMILY = "1,2";
			};
			name = Release;
		};
/* End XCBuildConfiguration section */

/* Begin XCConfigurationList section */
		BBCA97DC2AACFF1B007D608A /* Build configuration list for PBXProject "HaritalarUygulamasi" */ = {
			isa = XCConfigurationList;
			buildConfigurations = (
				BBCA97F62AACFF1C007D608A /* Debug */,
				BBCA97F72AACFF1C007D608A /* Release */,
			);
			defaultConfigurationIsVisible = 0;
			defaultConfigurationName = Release;
		};
		BBCA97F82AACFF1C007D608A /* Build configuration list for PBXNativeTarget "HaritalarUygulamasi" */ = {
			isa = XCConfigurationList;
			buildConfigurations = (
				BBCA97F92AACFF1C007D608A /* Debug */,
				BBCA97FA2AACFF1C007D608A /* Release */,
			);
			defaultConfigurationIsVisible = 0;
			defaultConfigurationName = Release;
		};
/* End XCConfigurationList section */

/* Begin XCVersionGroup section */
		BBCA97ED2AACFF1B007D608A /* HaritalarUygulamasi.xcdatamodeld */ = {
			isa = XCVersionGroup;
			children = (
				BBCA97EE2AACFF1B007D608A /* HaritalarUygulamasi.xcdatamodel */,
			);
			currentVersion = BBCA97EE2AACFF1B007D608A /* HaritalarUygulamasi.xcdatamodel */;
			path = HaritalarUygulamasi.xcdatamodeld;
			sourceTree = "<group>";
			versionGroupType = wrapper.xcdatamodel;
		};
/* End XCVersionGroup section */
	};
	rootObject = BBCA97D92AACFF1B007D608A /* Project object */;
}
